
Microsoft Visual Studio Solution File, Format Version 12.00
# Visual Studio Version 17
VisualStudioVersion = 17.9.34728.123
MinimumVisualStudioVersion = 10.0.40219.1
Project("{FAE04EC0-301F-11D3-BF4B-00C04F79EFBC}") = "LAB1", "LAB1\LAB1.csproj", "{5CD4EB4D-41A6-41E1-83DD-D019EC4DCFA2}"
EndProject
Global
	GlobalSection(SolutionConfigurationPlatforms) = preSolution
		Debug|Any CPU = Debug|Any CPU
		Release|Any CPU = Release|Any CPU
	EndGlobalSection
	GlobalSection(ProjectConfigurationPlatforms) = postSolution
		{5CD4EB4D-41A6-41E1-83DD-D019EC4DCFA2}.Debug|Any CPU.ActiveCfg = Debug|Any CPU
		{5CD4EB4D-41A6-41E1-83DD-D019EC4DCFA2}.Debug|Any CPU.Build.0 = Debug|Any CPU
		{5CD4EB4D-41A6-41E1-83DD-D019EC4DCFA2}.Release|Any CPU.ActiveCfg = Release|Any CPU
		{5CD4EB4D-41A6-41E1-83DD-D019EC4DCFA2}.Release|Any CPU.Build.0 = Release|Any CPU
	EndGlobalSection
	GlobalSection(SolutionProperties) = preSolution
		HideSolutionNode = FALSE
	EndGlobalSection
	GlobalSection(ExtensibilityGlobals) = postSolution
		SolutionGuid = {252029CE-1CB9-48A2-A339-0C56EDBA7FA3}
	EndGlobalSection
EndGlobal
